
Microsoft Visual Studio Solution File, Format Version 12.00
# Visual Studio Version 17
VisualStudioVersion = 17.14.36221.1
MinimumVisualStudioVersion = 10.0.40219.1
Project("{FAE04EC0-301F-11D3-BF4B-00C04F79EFBC}") = "CustomerBusiness.Solution", "CustomerBusiness.Solution.csproj", "{607309E2-D64E-480A-B7D8-ACD6ED644EF7}"
EndProject
Project("{FAE04EC0-301F-11D3-BF4B-00C04F79EFBC}") = "CustomerBusiness.Solution.Migration", "..\CustomerBusiness.Solution.Migration\CustomerBusiness.Solution.Migration.csproj", "{1A61BCDA-6E44-49B5-9314-932D30902075}"
EndProject
Project("{FAE04EC0-301F-11D3-BF4B-00C04F79EFBC}") = "CustomerBusiness.Solution.Tests", "..\CustomerBusiness.Solution.Tests\CustomerBusiness.Solution.Tests.csproj", "{3E1C533A-6EDF-4E20-AE05-EB946B530B22}"
EndProject
Global
	GlobalSection(SolutionConfigurationPlatforms) = preSolution
		Debug|Any CPU = Debug|Any CPU
		Release|Any CPU = Release|Any CPU
	EndGlobalSection
	GlobalSection(ProjectConfigurationPlatforms) = postSolution
		{607309E2-D64E-480A-B7D8-ACD6ED644EF7}.Debug|Any CPU.ActiveCfg = Debug|Any CPU
		{607309E2-D64E-480A-B7D8-ACD6ED644EF7}.Debug|Any CPU.Build.0 = Debug|Any CPU
		{607309E2-D64E-480A-B7D8-ACD6ED644EF7}.Release|Any CPU.ActiveCfg = Release|Any CPU
		{607309E2-D64E-480A-B7D8-ACD6ED644EF7}.Release|Any CPU.Build.0 = Release|Any CPU
		{1A61BCDA-6E44-49B5-9314-932D30902075}.Debug|Any CPU.ActiveCfg = Debug|Any CPU
		{1A61BCDA-6E44-49B5-9314-932D30902075}.Debug|Any CPU.Build.0 = Debug|Any CPU
		{1A61BCDA-6E44-49B5-9314-932D30902075}.Release|Any CPU.ActiveCfg = Release|Any CPU
		{1A61BCDA-6E44-49B5-9314-932D30902075}.Release|Any CPU.Build.0 = Release|Any CPU
		{3E1C533A-6EDF-4E20-AE05-EB946B530B22}.Debug|Any CPU.ActiveCfg = Debug|Any CPU
		{3E1C533A-6EDF-4E20-AE05-EB946B530B22}.Debug|Any CPU.Build.0 = Debug|Any CPU
		{3E1C533A-6EDF-4E20-AE05-EB946B530B22}.Release|Any CPU.ActiveCfg = Release|Any CPU
		{3E1C533A-6EDF-4E20-AE05-EB946B530B22}.Release|Any CPU.Build.0 = Release|Any CPU
	EndGlobalSection
	GlobalSection(SolutionProperties) = preSolution
		HideSolutionNode = FALSE
	EndGlobalSection
	GlobalSection(ExtensibilityGlobals) = postSolution
		SolutionGuid = {998A22A9-EE7E-44AF-A052-BACEBC29DC67}
	EndGlobalSection
EndGlobal
